
Microsoft Visual Studio Solution File, Format Version 12.00
# Visual Studio 15
VisualStudioVersion = 15.0.26730.10
MinimumVisualStudioVersion = 10.0.40219.1
Project("{2150E333-8FDC-42A3-9474-1A3956D46DE8}") = "Solution Items", "Solution Items", "{7EA26665-7EBA-432C-82B3-4DE3278B2E83}"
	ProjectSection(SolutionItems) = preProject
		SolutionInfo.cs = SolutionInfo.cs
		VersionInfo.cs = VersionInfo.cs
	EndProjectSection
EndProject
Project("{9A19103F-16F7-4668-BE54-9A1E7A4F7556}") = "Lykke.Cqrs", "src\Lykke.Cqrs\Lykke.Cqrs.csproj", "{5E6D3D86-33B6-4821-9F40-0FCFD4824EA0}"
EndProject
Project("{FAE04EC0-301F-11D3-BF4B-00C04F79EFBC}") = "Lykke.Cqrs.Tests", "tests\Lykke.Cqrs.Tests\Lykke.Cqrs.Tests.csproj", "{D940DFC0-99D1-43D0-89D6-B75198396FBA}"
EndProject
Global
	GlobalSection(SolutionConfigurationPlatforms) = preSolution
		Debug|Any CPU = Debug|Any CPU
		Release|Any CPU = Release|Any CPU
	EndGlobalSection
	GlobalSection(ProjectConfigurationPlatforms) = postSolution
		{5E6D3D86-33B6-4821-9F40-0FCFD4824EA0}.Debug|Any CPU.ActiveCfg = Debug|Any CPU
		{5E6D3D86-33B6-4821-9F40-0FCFD4824EA0}.Debug|Any CPU.Build.0 = Debug|Any CPU
		{5E6D3D86-33B6-4821-9F40-0FCFD4824EA0}.Release|Any CPU.ActiveCfg = Release|Any CPU
		{5E6D3D86-33B6-4821-9F40-0FCFD4824EA0}.Release|Any CPU.Build.0 = Release|Any CPU
		{D940DFC0-99D1-43D0-89D6-B75198396FBA}.Debug|Any CPU.ActiveCfg = Debug|Any CPU
		{D940DFC0-99D1-43D0-89D6-B75198396FBA}.Debug|Any CPU.Build.0 = Debug|Any CPU
		{D940DFC0-99D1-43D0-89D6-B75198396FBA}.Release|Any CPU.ActiveCfg = Release|Any CPU
		{D940DFC0-99D1-43D0-89D6-B75198396FBA}.Release|Any CPU.Build.0 = Release|Any CPU
	EndGlobalSection
	GlobalSection(SolutionProperties) = preSolution
		HideSolutionNode = FALSE
	EndGlobalSection
	GlobalSection(ExtensibilityGlobals) = postSolution
		SolutionGuid = {AAF97ED7-09E5-4B97-96D2-7622E8DE2ED9}
	EndGlobalSection
EndGlobal
